
Microsoft Visual Studio Solution File, Format Version 12.00
# Visual Studio Version 16
VisualStudioVersion = 16.0.30907.101
MinimumVisualStudioVersion = 12.0
Project("{2150E333-8FDC-42A3-9474-1A3956D46DE8}") = "Test-Package", "Test-Package", "{E481CE0D-7FA3-439A-BE98-A96F9489386F}"
EndProject
Project("{8BC9CEB8-8B4A-11D0-8D11-00A0C91BC942}") = "test-Package", "test-Package\test-Package.vcxproj", "{0595DB5B-040E-48BF-A24B-D5D5C9290015}"
EndProject
Project("{8BC9CEB8-8B4A-11D0-8D11-00A0C91BC942}") = "test", "test.vcxproj", "{75736B91-0996-4B09-A3D0-A37C1A91DC14}"
EndProject
Project("{8BC9CEB8-8B4A-11D0-8D11-00A0C91BC942}") = "MailSlotServer", "test\MailSlotServer\MailSlotServer.vcxproj", "{F9DD4A8A-FBC1-42C5-851B-7DE83AD23251}"
EndProject
Project("{8BC9CEB8-8B4A-11D0-8D11-00A0C91BC942}") = "MailSlotClient", "test\MailSlotClient\MailSlotClient.vcxproj", "{4AC1D443-9524-4848-8B18-BBE0ADC998CA}"
EndProject
Project("{8BC9CEB8-8B4A-11D0-8D11-00A0C91BC942}") = "NamedPipeServer", "test\NamedPipeServer\NamedPipeServer.vcxproj", "{6FB027BE-0B41-4E48-84BF-CCFE6EFE08F5}"
EndProject
Project("{8BC9CEB8-8B4A-11D0-8D11-00A0C91BC942}") = "NamedPipeClient", "test\NamedPipeClient\NamedPipeClient.vcxproj", "{34B65106-0A25-4B90-9615-E83A01EE8E91}"
EndProject
Global
	GlobalSection(SolutionConfigurationPlatforms) = preSolution
		Debug|Win32 = Debug|Win32
		Debug|x64 = Debug|x64
		Release|Win32 = Release|Win32
		Release|x64 = Release|x64
		Win7 Debug|Win32 = Win7 Debug|Win32
		Win7 Debug|x64 = Win7 Debug|x64
		Win7 Release|Win32 = Win7 Release|Win32
		Win7 Release|x64 = Win7 Release|x64
		Win8 Debug|Win32 = Win8 Debug|Win32
		Win8 Debug|x64 = Win8 Debug|x64
		Win8 Release|Win32 = Win8 Release|Win32
		Win8 Release|x64 = Win8 Release|x64
		Win8.1 Debug|Win32 = Win8.1 Debug|Win32
		Win8.1 Debug|x64 = Win8.1 Debug|x64
		Win8.1 Release|Win32 = Win8.1 Release|Win32
		Win8.1 Release|x64 = Win8.1 Release|x64
	EndGlobalSection
	GlobalSection(ProjectConfigurationPlatforms) = postSolution
		{0595DB5B-040E-48BF-A24B-D5D5C9290015}.Debug|Win32.ActiveCfg = Win8.1 Debug|Win32
		{0595DB5B-040E-48BF-A24B-D5D5C9290015}.Debug|Win32.Build.0 = Win8.1 Debug|Win32
		{0595DB5B-040E-48BF-A24B-D5D5C9290015}.Debug|Win32.Deploy.0 = Win8.1 Debug|Win32
		{0595DB5B-040E-48BF-A24B-D5D5C9290015}.Debug|x64.ActiveCfg = Win8.1 Debug|x64
		{0595DB5B-040E-48BF-A24B-D5D5C9290015}.Debug|x64.Build.0 = Win8.1 Debug|x64
		{0595DB5B-040E-48BF-A24B-D5D5C9290015}.Debug|x64.Deploy.0 = Win8.1 Debug|x64
		{0595DB5B-040E-48BF-A24B-D5D5C9290015}.Release|Win32.ActiveCfg = Win8.1 Release|Win32
		{0595DB5B-040E-48BF-A24B-D5D5C9290015}.Release|Win32.Build.0 = Win8.1 Release|Win32
		{0595DB5B-040E-48BF-A24B-D5D5C9290015}.Release|Win32.Deploy.0 = Win8.1 Release|Win32
		{0595DB5B-040E-48BF-A24B-D5D5C9290015}.Release|x64.ActiveCfg = Win8.1 Release|x64
		{0595DB5B-040E-48BF-A24B-D5D5C9290015}.Release|x64.Build.0 = Win8.1 Release|x64
		{0595DB5B-040E-48BF-A24B-D5D5C9290015}.Release|x64.Deploy.0 = Win8.1 Release|x64
		{0595DB5B-040E-48BF-A24B-D5D5C9290015}.Win7 Debug|Win32.ActiveCfg = Win7 Debug|Win32
		{0595DB5B-040E-48BF-A24B-D5D5C9290015}.Win7 Debug|Win32.Build.0 = Win7 Debug|Win32
		{0595DB5B-040E-48BF-A24B-D5D5C9290015}.Win7 Debug|x64.ActiveCfg = Win7 Debug|x64
		{0595DB5B-040E-48BF-A24B-D5D5C9290015}.Win7 Debug|x64.Build.0 = Win7 Debug|x64
		{0595DB5B-040E-48BF-A24B-D5D5C9290015}.Win7 Release|Win32.ActiveCfg = Win7 Release|Win32
		{0595DB5B-040E-48BF-A24B-D5D5C9290015}.Win7 Release|Win32.Build.0 = Win7 Release|Win32
		{0595DB5B-040E-48BF-A24B-D5D5C9290015}.Win7 Release|x64.ActiveCfg = Win7 Release|x64
		{0595DB5B-040E-48BF-A24B-D5D5C9290015}.Win7 Release|x64.Build.0 = Win7 Release|x64
		{0595DB5B-040E-48BF-A24B-D5D5C9290015}.Win8 Debug|Win32.ActiveCfg = Win8 Debug|Win32
		{0595DB5B-040E-48BF-A24B-D5D5C9290015}.Win8 Debug|Win32.Build.0 = Win8 Debug|Win32
		{0595DB5B-040E-48BF-A24B-D5D5C9290015}.Win8 Debug|x64.ActiveCfg = Win8 Debug|x64
		{0595DB5B-040E-48BF-A24B-D5D5C9290015}.Win8 Debug|x64.Build.0 = Win8 Debug|x64
		{0595DB5B-040E-48BF-A24B-D5D5C9290015}.Win8 Release|Win32.ActiveCfg = Win8 Release|Win32
		{0595DB5B-040E-48BF-A24B-D5D5C9290015}.Win8 Release|Win32.Build.0 = Win8 Release|Win32
		{0595DB5B-040E-48BF-A24B-D5D5C9290015}.Win8 Release|x64.ActiveCfg = Win8 Release|x64
		{0595DB5B-040E-48BF-A24B-D5D5C9290015}.Win8 Release|x64.Build.0 = Win8 Release|x64
		{0595DB5B-040E-48BF-A24B-D5D5C9290015}.Win8.1 Debug|Win32.ActiveCfg = Win8.1 Debug|Win32
		{0595DB5B-040E-48BF-A24B-D5D5C9290015}.Win8.1 Debug|Win32.Build.0 = Win8.1 Debug|Win32
		{0595DB5B-040E-48BF-A24B-D5D5C9290015}.Win8.1 Debug|x64.ActiveCfg = Win8.1 Debug|x64
		{0595DB5B-040E-48BF-A24B-D5D5C9290015}.Win8.1 Debug|x64.Build.0 = Win8.1 Debug|x64
		{0595DB5B-040E-48BF-A24B-D5D5C9290015}.Win8.1 Release|Win32.ActiveCfg = Win8.1 Release|Win32
		{0595DB5B-040E-48BF-A24B-D5D5C9290015}.Win8.1 Release|Win32.Build.0 = Win8.1 Release|Win32
		{0595DB5B-040E-48BF-A24B-D5D5C9290015}.Win8.1 Release|x64.ActiveCfg = Win8.1 Release|x64
		{0595DB5B-040E-48BF-A24B-D5D5C9290015}.Win8.1 Release|x64.Build.0 = Win8.1 Release|x64
		{75736B91-0996-4B09-A3D0-A37C1A91DC14}.Debug|Win32.ActiveCfg = Win8.1 Debug|Win32
		{75736B91-0996-4B09-A3D0-A37C1A91DC14}.Debug|Win32.Build.0 = Win8.1 Debug|Win32
		{75736B91-0996-4B09-A3D0-A37C1A91DC14}.Debug|Win32.Deploy.0 = Win8.1 Debug|Win32
		{75736B91-0996-4B09-A3D0-A37C1A91DC14}.Debug|x64.ActiveCfg = Win8.1 Debug|x64
		{75736B91-0996-4B09-A3D0-A37C1A91DC14}.Debug|x64.Build.0 = Win8.1 Debug|x64
		{75736B91-0996-4B09-A3D0-A37C1A91DC14}.Debug|x64.Deploy.0 = Win8.1 Debug|x64
		{75736B91-0996-4B09-A3D0-A37C1A91DC14}.Release|Win32.ActiveCfg = Win8.1 Release|Win32
		{75736B91-0996-4B09-A3D0-A37C1A91DC14}.Release|Win32.Build.0 = Win8.1 Release|Win32
		{75736B91-0996-4B09-A3D0-A37C1A91DC14}.Release|Win32.Deploy.0 = Win8.1 Release|Win32
		{75736B91-0996-4B09-A3D0-A37C1A91DC14}.Release|x64.ActiveCfg = Win8.1 Release|x64
		{75736B91-0996-4B09-A3D0-A37C1A91DC14}.Release|x64.Build.0 = Win8.1 Release|x64
		{75736B91-0996-4B09-A3D0-A37C1A91DC14}.Release|x64.Deploy.0 = Win8.1 Release|x64
		{75736B91-0996-4B09-A3D0-A37C1A91DC14}.Win7 Debug|Win32.ActiveCfg = Win7 Debug|Win32
		{75736B91-0996-4B09-A3D0-A37C1A91DC14}.Win7 Debug|Win32.Build.0 = Win7 Debug|Win32
		{75736B91-0996-4B09-A3D0-A37C1A91DC14}.Win7 Debug|x64.ActiveCfg = Win7 Debug|x64
		{75736B91-0996-4B09-A3D0-A37C1A91DC14}.Win7 Debug|x64.Build.0 = Win7 Debug|x64
		{75736B91-0996-4B09-A3D0-A37C1A91DC14}.Win7 Release|Win32.ActiveCfg = Win7 Release|Win32
		{75736B91-0996-4B09-A3D0-A37C1A91DC14}.Win7 Release|Win32.Build.0 = Win7 Release|Win32
		{75736B91-0996-4B09-A3D0-A37C1A91DC14}.Win7 Release|x64.ActiveCfg = Win7 Release|x64
		{75736B91-0996-4B09-A3D0-A37C1A91DC14}.Win7 Release|x64.Build.0 = Win7 Release|x64
		{75736B91-0996-4B09-A3D0-A37C1A91DC14}.Win8 Debug|Win32.ActiveCfg = Win8 Debug|Win32
		{75736B91-0996-4B09-A3D0-A37C1A91DC14}.Win8 Debug|Win32.Build.0 = Win8 Debug|Win32
		{75736B91-0996-4B09-A3D0-A37C1A91DC14}.Win8 Debug|x64.ActiveCfg = Win8 Debug|x64
		{75736B91-0996-4B09-A3D0-A37C1A91DC14}.Win8 Debug|x64.Build.0 = Win8 Debug|x64
		{75736B91-0996-4B09-A3D0-A37C1A91DC14}.Win8 Release|Win32.ActiveCfg = Win8 Release|Win32
		{75736B91-0996-4B09-A3D0-A37C1A91DC14}.Win8 Release|Win32.Build.0 = Win8 Release|Win32
		{75736B91-0996-4B09-A3D0-A37C1A91DC14}.Win8 Release|x64.ActiveCfg = Win8 Release|x64
		{75736B91-0996-4B09-A3D0-A37C1A91DC14}.Win8 Release|x64.Build.0 = Win8 Release|x64
		{75736B91-0996-4B09-A3D0-A37C1A91DC14}.Win8.1 Debug|Win32.ActiveCfg = Win8.1 Debug|Win32
		{75736B91-0996-4B09-A3D0-A37C1A91DC14}.Win8.1 Debug|Win32.Build.0 = Win8.1 Debug|Win32
		{75736B91-0996-4B09-A3D0-A37C1A91DC14}.Win8.1 Debug|x64.ActiveCfg = Win8.1 Debug|x64
		{75736B91-0996-4B09-A3D0-A37C1A91DC14}.Win8.1 Debug|x64.Build.0 = Win8.1 Debug|x64
		{75736B91-0996-4B09-A3D0-A37C1A91DC14}.Win8.1 Release|Win32.ActiveCfg = Win8.1 Release|Win32
		{75736B91-0996-4B09-A3D0-A37C1A91DC14}.Win8.1 Release|Win32.Build.0 = Win8.1 Release|Win32
		{75736B91-0996-4B09-A3D0-A37C1A91DC14}.Win8.1 Release|x64.ActiveCfg = Win8.1 Release|x64
		{75736B91-0996-4B09-A3D0-A37C1A91DC14}.Win8.1 Release|x64.Build.0 = Win8.1 Release|x64
		{F9DD4A8A-FBC1-42C5-851B-7DE83AD23251}.Debug|Win32.ActiveCfg = Debug|Win32
		{F9DD4A8A-FBC1-42C5-851B-7DE83AD23251}.Debug|Win32.Build.0 = Debug|Win32
		{F9DD4A8A-FBC1-42C5-851B-7DE83AD23251}.Debug|x64.ActiveCfg = Debug|x64
		{F9DD4A8A-FBC1-42C5-851B-7DE83AD23251}.Debug|x64.Build.0 = Debug|x64
		{F9DD4A8A-FBC1-42C5-851B-7DE83AD23251}.Release|Win32.ActiveCfg = Release|Win32
		{F9DD4A8A-FBC1-42C5-851B-7DE83AD23251}.Release|Win32.Build.0 = Release|Win32
		{F9DD4A8A-FBC1-42C5-851B-7DE83AD23251}.Release|x64.ActiveCfg = Release|x64
		{F9DD4A8A-FBC1-42C5-851B-7DE83AD23251}.Release|x64.Build.0 = Release|x64
		{F9DD4A8A-FBC1-42C5-851B-7DE83AD23251}.Win7 Debug|Win32.ActiveCfg = Debug|Win32
		{F9DD4A8A-FBC1-42C5-851B-7DE83AD23251}.Win7 Debug|Win32.Build.0 = Debug|Win32
		{F9DD4A8A-FBC1-42C5-851B-7DE83AD23251}.Win7 Debug|x64.ActiveCfg = Debug|x64
		{F9DD4A8A-FBC1-42C5-851B-7DE83AD23251}.Win7 Debug|x64.Build.0 = Debug|x64
		{F9DD4A8A-FBC1-42C5-851B-7DE83AD23251}.Win7 Release|Win32.ActiveCfg = Release|Win32
		{F9DD4A8A-FBC1-42C5-851B-7DE83AD23251}.Win7 Release|Win32.Build.0 = Release|Win32
		{F9DD4A8A-FBC1-42C5-851B-7DE83AD23251}.Win7 Release|x64.ActiveCfg = Release|x64
		{F9DD4A8A-FBC1-42C5-851B-7DE83AD23251}.Win7 Release|x64.Build.0 = Release|x64
		{F9DD4A8A-FBC1-42C5-851B-7DE83AD23251}.Win8 Debug|Win32.ActiveCfg = Debug|Win32
		{F9DD4A8A-FBC1-42C5-851B-7DE83AD23251}.Win8 Debug|Win32.Build.0 = Debug|Win32
		{F9DD4A8A-FBC1-42C5-851B-7DE83AD23251}.Win8 Debug|x64.ActiveCfg = Debug|x64
		{F9DD4A8A-FBC1-42C5-851B-7DE83AD23251}.Win8 Debug|x64.Build.0 = Debug|x64
		{F9DD4A8A-FBC1-42C5-851B-7DE83AD23251}.Win8 Release|Win32.ActiveCfg = Release|Win32
		{F9DD4A8A-FBC1-42C5-851B-7DE83AD23251}.Win8 Release|Win32.Build.0 = Release|Win32
		{F9DD4A8A-FBC1-42C5-851B-7DE83AD23251}.Win8 Release|x64.ActiveCfg = Release|x64
		{F9DD4A8A-FBC1-42C5-851B-7DE83AD23251}.Win8 Release|x64.Build.0 = Release|x64
		{F9DD4A8A-FBC1-42C5-851B-7DE83AD23251}.Win8.1 Debug|Win32.ActiveCfg = Debug|Win32
		{F9DD4A8A-FBC1-42C5-851B-7DE83AD23251}.Win8.1 Debug|Win32.Build.0 = Debug|Win32
		{F9DD4A8A-FBC1-42C5-851B-7DE83AD23251}.Win8.1 Debug|x64.ActiveCfg = Debug|x64
		{F9DD4A8A-FBC1-42C5-851B-7DE83AD23251}.Win8.1 Debug|x64.Build.0 = Debug|x64
		{F9DD4A8A-FBC1-42C5-851B-7DE83AD23251}.Win8.1 Release|Win32.ActiveCfg = Release|Win32
		{F9DD4A8A-FBC1-42C5-851B-7DE83AD23251}.Win8.1 Release|Win32.Build.0 = Release|Win32
		{F9DD4A8A-FBC1-42C5-851B-7DE83AD23251}.Win8.1 Release|x64.ActiveCfg = Release|x64
		{F9DD4A8A-FBC1-42C5-851B-7DE83AD23251}.Win8.1 Release|x64.Build.0 = Release|x64
		{4AC1D443-9524-4848-8B18-BBE0ADC998CA}.Debug|Win32.ActiveCfg = Debug|Win32
		{4AC1D443-9524-4848-8B18-BBE0ADC998CA}.Debug|Win32.Build.0 = Debug|Win32
		{4AC1D443-9524-4848-8B18-BBE0ADC998CA}.Debug|x64.ActiveCfg = Debug|x64
		{4AC1D443-9524-4848-8B18-BBE0ADC998CA}.Debug|x64.Build.0 = Debug|x64
		{4AC1D443-9524-4848-8B18-BBE0ADC998CA}.Release|Win32.ActiveCfg = Release|Win32
		{4AC1D443-9524-4848-8B18-BBE0ADC998CA}.Release|Win32.Build.0 = Release|Win32
		{4AC1D443-9524-4848-8B18-BBE0ADC998CA}.Release|x64.ActiveCfg = Release|x64
		{4AC1D443-9524-4848-8B18-BBE0ADC998CA}.Release|x64.Build.0 = Release|x64
		{4AC1D443-9524-4848-8B18-BBE0ADC998CA}.Win7 Debug|Win32.ActiveCfg = Debug|Win32
		{4AC1D443-9524-4848-8B18-BBE0ADC998CA}.Win7 Debug|Win32.Build.0 = Debug|Win32
		{4AC1D443-9524-4848-8B18-BBE0ADC998CA}.Win7 Debug|x64.ActiveCfg = Debug|x64
		{4AC1D443-9524-4848-8B18-BBE0ADC998CA}.Win7 Debug|x64.Build.0 = Debug|x64
		{4AC1D443-9524-4848-8B18-BBE0ADC998CA}.Win7 Release|Win32.ActiveCfg = Release|Win32
		{4AC1D443-9524-4848-8B18-BBE0ADC998CA}.Win7 Release|Win32.Build.0 = Release|Win32
		{4AC1D443-9524-4848-8B18-BBE0ADC998CA}.Win7 Release|x64.ActiveCfg = Release|x64
		{4AC1D443-9524-4848-8B18-BBE0ADC998CA}.Win7 Release|x64.Build.0 = Release|x64
		{4AC1D443-9524-4848-8B18-BBE0ADC998CA}.Win8 Debug|Win32.ActiveCfg = Debug|Win32
		{4AC1D443-9524-4848-8B18-BBE0ADC998CA}.Win8 Debug|Win32.Build.0 = Debug|Win32
		{4AC1D443-9524-4848-8B18-BBE0ADC998CA}.Win8 Debug|x64.ActiveCfg = Debug|x64
		{4AC1D443-9524-4848-8B18-BBE0ADC998CA}.Win8 Debug|x64.Build.0 = Debug|x64
		{4AC1D443-9524-4848-8B18-BBE0ADC998CA}.Win8 Release|Win32.ActiveCfg = Release|Win32
		{4AC1D443-9524-4848-8B18-BBE0ADC998CA}.Win8 Release|Win32.Build.0 = Release|Win32
		{4AC1D443-9524-4848-8B18-BBE0ADC998CA}.Win8 Release|x64.ActiveCfg = Release|x64
		{4AC1D443-9524-4848-8B18-BBE0ADC998CA}.Win8 Release|x64.Build.0 = Release|x64
		{4AC1D443-9524-4848-8B18-BBE0ADC998CA}.Win8.1 Debug|Win32.ActiveCfg = Debug|Win32
		{4AC1D443-9524-4848-8B18-BBE0ADC998CA}.Win8.1 Debug|Win32.Build.0 = Debug|Win32
		{4AC1D443-9524-4848-8B18-BBE0ADC998CA}.Win8.1 Debug|x64.ActiveCfg = Debug|x64
		{4AC1D443-9524-4848-8B18-BBE0ADC998CA}.Win8.1 Debug|x64.Build.0 = Debug|x64
		{4AC1D443-9524-4848-8B18-BBE0ADC998CA}.Win8.1 Release|Win32.ActiveCfg = Release|Win32
		{4AC1D443-9524-4848-8B18-BBE0ADC998CA}.Win8.1 Release|Win32.Build.0 = Release|Win32
		{4AC1D443-9524-4848-8B18-BBE0ADC998CA}.Win8.1 Release|x64.ActiveCfg = Release|x64
		{4AC1D443-9524-4848-8B18-BBE0ADC998CA}.Win8.1 Release|x64.Build.0 = Release|x64
		{6FB027BE-0B41-4E48-84BF-CCFE6EFE08F5}.Debug|Win32.ActiveCfg = Debug|Win32
		{6FB027BE-0B41-4E48-84BF-CCFE6EFE08F5}.Debug|Win32.Build.0 = Debug|Win32
		{6FB027BE-0B41-4E48-84BF-CCFE6EFE08F5}.Debug|x64.ActiveCfg = Debug|x64
		{6FB027BE-0B41-4E48-84BF-CCFE6EFE08F5}.Debug|x64.Build.0 = Debug|x64
		{6FB027BE-0B41-4E48-84BF-CCFE6EFE08F5}.Release|Win32.ActiveCfg = Release|Win32
		{6FB027BE-0B41-4E48-84BF-CCFE6EFE08F5}.Release|Win32.Build.0 = Release|Win32
		{6FB027BE-0B41-4E48-84BF-CCFE6EFE08F5}.Release|x64.ActiveCfg = Release|x64
		{6FB027BE-0B41-4E48-84BF-CCFE6EFE08F5}.Release|x64.Build.0 = Release|x64
		{6FB027BE-0B41-4E48-84BF-CCFE6EFE08F5}.Win7 Debug|Win32.ActiveCfg = Debug|Win32
		{6FB027BE-0B41-4E48-84BF-CCFE6EFE08F5}.Win7 Debug|Win32.Build.0 = Debug|Win32
		{6FB027BE-0B41-4E48-84BF-CCFE6EFE08F5}.Win7 Debug|x64.ActiveCfg = Debug|x64
		{6FB027BE-0B41-4E48-84BF-CCFE6EFE08F5}.Win7 Debug|x64.Build.0 = Debug|x64
		{6FB027BE-0B41-4E48-84BF-CCFE6EFE08F5}.Win7 Release|Win32.ActiveCfg = Release|Win32
		{6FB027BE-0B41-4E48-84BF-CCFE6EFE08F5}.Win7 Release|Win32.Build.0 = Release|Win32
		{6FB027BE-0B41-4E48-84BF-CCFE6EFE08F5}.Win7 Release|x64.ActiveCfg = Release|x64
		{6FB027BE-0B41-4E48-84BF-CCFE6EFE08F5}.Win7 Release|x64.Build.0 = Release|x64
		{6FB027BE-0B41-4E48-84BF-CCFE6EFE08F5}.Win8 Debug|Win32.ActiveCfg = Debug|Win32
		{6FB027BE-0B41-4E48-84BF-CCFE6EFE08F5}.Win8 Debug|Win32.Build.0 = Debug|Win32
		{6FB027BE-0B41-4E48-84BF-CCFE6EFE08F5}.Win8 Debug|x64.ActiveCfg = Debug|x64
		{6FB027BE-0B41-4E48-84BF-CCFE6EFE08F5}.Win8 Debug|x64.Build.0 = Debug|x64
		{6FB027BE-0B41-4E48-84BF-CCFE6EFE08F5}.Win8 Release|Win32.ActiveCfg = Release|Win32
		{6FB027BE-0B41-4E48-84BF-CCFE6EFE08F5}.Win8 Release|Win32.Build.0 = Release|Win32
		{6FB027BE-0B41-4E48-84BF-CCFE6EFE08F5}.Win8 Release|x64.ActiveCfg = Release|x64
		{6FB027BE-0B41-4E48-84BF-CCFE6EFE08F5}.Win8 Release|x64.Build.0 = Release|x64
		{6FB027BE-0B41-4E48-84BF-CCFE6EFE08F5}.Win8.1 Debug|Win32.ActiveCfg = Debug|Win32
		{6FB027BE-0B41-4E48-84BF-CCFE6EFE08F5}.Win8.1 Debug|Win32.Build.0 = Debug|Win32
		{6FB027BE-0B41-4E48-84BF-CCFE6EFE08F5}.Win8.1 Debug|x64.ActiveCfg = Debug|x64
		{6FB027BE-0B41-4E48-84BF-CCFE6EFE08F5}.Win8.1 Debug|x64.Build.0 = Debug|x64
		{6FB027BE-0B41-4E48-84BF-CCFE6EFE08F5}.Win8.1 Release|Win32.ActiveCfg = Release|Win32
		{6FB027BE-0B41-4E48-84BF-CCFE6EFE08F5}.Win8.1 Release|Win32.Build.0 = Release|Win32
		{6FB027BE-0B41-4E48-84BF-CCFE6EFE08F5}.Win8.1 Release|x64.ActiveCfg = Release|x64
		{6FB027BE-0B41-4E48-84BF-CCFE6EFE08F5}.Win8.1 Release|x64.Build.0 = Release|x64
		{34B65106-0A25-4B90-9615-E83A01EE8E91}.Debug|Win32.ActiveCfg = Debug|Win32
		{34B65106-0A25-4B90-9615-E83A01EE8E91}.Debug|Win32.Build.0 = Debug|Win32
		{34B65106-0A25-4B90-9615-E83A01EE8E91}.Debug|x64.ActiveCfg = Debug|x64
		{34B65106-0A25-4B90-9615-E83A01EE8E91}.Debug|x64.Build.0 = Debug|x64
		{34B65106-0A25-4B90-9615-E83A01EE8E91}.Release|Win32.ActiveCfg = Release|Win32
		{34B65106-0A25-4B90-9615-E83A01EE8E91}.Release|Win32.Build.0 = Release|Win32
		{34B65106-0A25-4B90-9615-E83A01EE8E91}.Release|x64.ActiveCfg = Release|x64
		{34B65106-0A25-4B90-9615-E83A01EE8E91}.Release|x64.Build.0 = Release|x64
		{34B65106-0A25-4B90-9615-E83A01EE8E91}.Win7 Debug|Win32.ActiveCfg = Debug|Win32
		{34B65106-0A25-4B90-9615-E83A01EE8E91}.Win7 Debug|Win32.Build.0 = Debug|Win32
		{34B65106-0A25-4B90-9615-E83A01EE8E91}.Win7 Debug|x64.ActiveCfg = Debug|x64
		{34B65106-0A25-4B90-9615-E83A01EE8E91}.Win7 Debug|x64.Build.0 = Debug|x64
		{34B65106-0A25-4B90-9615-E83A01EE8E91}.Win7 Release|Win32.ActiveCfg = Release|Win32
		{34B65106-0A25-4B90-9615-E83A01EE8E91}.Win7 Release|Win32.Build.0 = Release|Win32
		{34B65106-0A25-4B90-9615-E83A01EE8E91}.Win7 Release|x64.ActiveCfg = Release|x64
		{34B65106-0A25-4B90-9615-E83A01EE8E91}.Win7 Release|x64.Build.0 = Release|x64
		{34B65106-0A25-4B90-9615-E83A01EE8E91}.Win8 Debug|Win32.ActiveCfg = Debug|Win32
		{34B65106-0A25-4B90-9615-E83A01EE8E91}.Win8 Debug|Win32.Build.0 = Debug|Win32
		{34B65106-0A25-4B90-9615-E83A01EE8E91}.Win8 Debug|x64.ActiveCfg = Debug|x64
		{34B65106-0A25-4B90-9615-E83A01EE8E91}.Win8 Debug|x64.Build.0 = Debug|x64
		{34B65106-0A25-4B90-9615-E83A01EE8E91}.Win8 Release|Win32.ActiveCfg = Release|Win32
		{34B65106-0A25-4B90-9615-E83A01EE8E91}.Win8 Release|Win32.Build.0 = Release|Win32
		{34B65106-0A25-4B90-9615-E83A01EE8E91}.Win8 Release|x64.ActiveCfg = Release|x64
		{34B65106-0A25-4B90-9615-E83A01EE8E91}.Win8 Release|x64.Build.0 = Release|x64
		{34B65106-0A25-4B90-9615-E83A01EE8E91}.Win8.1 Debug|Win32.ActiveCfg = Debug|Win32
		{34B65106-0A25-4B90-9615-E83A01EE8E91}.Win8.1 Debug|Win32.Build.0 = Debug|Win32
		{34B65106-0A25-4B90-9615-E83A01EE8E91}.Win8.1 Debug|x64.ActiveCfg = Debug|x64
		{34B65106-0A25-4B90-9615-E83A01EE8E91}.Win8.1 Debug|x64.Build.0 = Debug|x64
		{34B65106-0A25-4B90-9615-E83A01EE8E91}.Win8.1 Release|Win32.ActiveCfg = Release|Win32
		{34B65106-0A25-4B90-9615-E83A01EE8E91}.Win8.1 Release|Win32.Build.0 = Release|Win32
		{34B65106-0A25-4B90-9615-E83A01EE8E91}.Win8.1 Release|x64.ActiveCfg = Release|x64
		{34B65106-0A25-4B90-9615-E83A01EE8E91}.Win8.1 Release|x64.Build.0 = Release|x64
	EndGlobalSection
	GlobalSection(SolutionProperties) = preSolution
		HideSolutionNode = FALSE
	EndGlobalSection
	GlobalSection(NestedProjects) = preSolution
		{0595DB5B-040E-48BF-A24B-D5D5C9290015} = {E481CE0D-7FA3-439A-BE98-A96F9489386F}
	EndGlobalSection
	GlobalSection(ExtensibilityGlobals) = postSolution
		SolutionGuid = {7177EB01-1D20-4581-9900-5C2D5A9C90E4}
	EndGlobalSection
EndGlobal
